// !$*UTF8*$!
{
	archiveVersion = 1;
	classes = {
	};
	objectVersion = 51;
	objects = {

/* Begin PBXBuildFile section */
		47063681251DFE90006F7F41 /* SignInPresenter.swift in Sources */ = {isa = PBXBuildFile; fileRef = 4706367E251DFE90006F7F41 /* SignInPresenter.swift */; };
		47063682251DFE90006F7F41 /* SignInViewController.swift in Sources */ = {isa = PBXBuildFile; fileRef = 47063680251DFE90006F7F41 /* SignInViewController.swift */; };
		4706368C251DFEB9006F7F41 /* SplashPresenter.swift in Sources */ = {isa = PBXBuildFile; fileRef = 47063687251DFEB9006F7F41 /* SplashPresenter.swift */; };
		4706368D251DFEB9006F7F41 /* AuthManager.swift in Sources */ = {isa = PBXBuildFile; fileRef = 47063688251DFEB9006F7F41 /* AuthManager.swift */; };
		4706368E251DFEB9006F7F41 /* SplashViewController.swift in Sources */ = {isa = PBXBuildFile; fileRef = 4706368A251DFEB9006F7F41 /* SplashViewController.swift */; };
		4706368F251DFEB9006F7F41 /* SplashViewController.xib in Resources */ = {isa = PBXBuildFile; fileRef = 4706368B251DFEB9006F7F41 /* SplashViewController.xib */; };
		470636D4251E19C9006F7F41 /* Constants.swift in Sources */ = {isa = PBXBuildFile; fileRef = 470636D3251E19C9006F7F41 /* Constants.swift */; };
		47B532632514CB5C006EAAB2 /* AppDelegate.swift in Sources */ = {isa = PBXBuildFile; fileRef = 47B532622514CB5C006EAAB2 /* AppDelegate.swift */; };
		47B5326F2514CB5E006EAAB2 /* LaunchScreen.storyboard in Resources */ = {isa = PBXBuildFile; fileRef = 47B5326D2514CB5E006EAAB2 /* LaunchScreen.storyboard */; };
		47B5328F2514DC82006EAAB2 /* AppCoordinator.swift in Sources */ = {isa = PBXBuildFile; fileRef = 47B5328E2514DC82006EAAB2 /* AppCoordinator.swift */; };
		9167D5E7C899946F444F6C27 /* Pods_FineDriver.framework in Frameworks */ = {isa = PBXBuildFile; fileRef = D1DD5B6F486C2D0F5CF97B2A /* Pods_FineDriver.framework */; };
		92001DAD2525C0E700CAE036 /* GMSCoordinateBounds.swift in Sources */ = {isa = PBXBuildFile; fileRef = 92001DAC2525C0E700CAE036 /* GMSCoordinateBounds.swift */; };
		920E55F3253061BD0082CF6F /* SettingsViewController.swift in Sources */ = {isa = PBXBuildFile; fileRef = 920E55F1253061BD0082CF6F /* SettingsViewController.swift */; };
		920E55F4253061BD0082CF6F /* SettingsViewController.xib in Resources */ = {isa = PBXBuildFile; fileRef = 920E55F2253061BD0082CF6F /* SettingsViewController.xib */; };
		920E55F8253063720082CF6F /* SettingsPresenter.swift in Sources */ = {isa = PBXBuildFile; fileRef = 920E55F7253063720082CF6F /* SettingsPresenter.swift */; };
		920E55FE2530999A0082CF6F /* SettingItemEntity.swift in Sources */ = {isa = PBXBuildFile; fileRef = 920E55FD2530999A0082CF6F /* SettingItemEntity.swift */; };
		925E87842520ABF700FD1D75 /* Service.swift in Sources */ = {isa = PBXBuildFile; fileRef = 925E87832520ABF700FD1D75 /* Service.swift */; };
		925E87872520AC7B00FD1D75 /* ServiceProvider.swift in Sources */ = {isa = PBXBuildFile; fileRef = 925E87862520AC7B00FD1D75 /* ServiceProvider.swift */; };
		9289B06125360F1B00D7AFB6 /* UINavigationController.swift in Sources */ = {isa = PBXBuildFile; fileRef = 9289B06025360F1B00D7AFB6 /* UINavigationController.swift */; };
		928E9F652528D22B008A1D59 /* UserDefaults.swift in Sources */ = {isa = PBXBuildFile; fileRef = 928E9F642528D22A008A1D59 /* UserDefaults.swift */; };
		928E9F682528D929008A1D59 /* UserDefaultsKeys.swift in Sources */ = {isa = PBXBuildFile; fileRef = 928E9F672528D929008A1D59 /* UserDefaultsKeys.swift */; };
		928E9F6F2528FE36008A1D59 /* SignInViewController.xib in Resources */ = {isa = PBXBuildFile; fileRef = 928E9F6D2528FE36008A1D59 /* SignInViewController.xib */; };
		9294165D2521DD0000D7F966 /* FinesViewController.swift in Sources */ = {isa = PBXBuildFile; fileRef = 9294165B2521DD0000D7F966 /* FinesViewController.swift */; };
		9294165E2521DD0000D7F966 /* FinesViewController.xib in Resources */ = {isa = PBXBuildFile; fileRef = 9294165C2521DD0000D7F966 /* FinesViewController.xib */; };
		929416702521DD1600D7F966 /* FineCell.swift in Sources */ = {isa = PBXBuildFile; fileRef = 9294166E2521DD1600D7F966 /* FineCell.swift */; };
		929416712521DD1600D7F966 /* FineCell.xib in Resources */ = {isa = PBXBuildFile; fileRef = 9294166F2521DD1600D7F966 /* FineCell.xib */; };
		929416742521DD2A00D7F966 /* FinesPresenter.swift in Sources */ = {isa = PBXBuildFile; fileRef = 929416732521DD2A00D7F966 /* FinesPresenter.swift */; };
		929416782521E0A700D7F966 /* UIView.swift in Sources */ = {isa = PBXBuildFile; fileRef = 929416772521E0A700D7F966 /* UIView.swift */; };
		929416992522034800D7F966 /* FineEntity.swift in Sources */ = {isa = PBXBuildFile; fileRef = 929416982522034800D7F966 /* FineEntity.swift */; };
		9297AEFC2524C5FC007C2291 /* PopUpView.swift in Sources */ = {isa = PBXBuildFile; fileRef = 9297AEFB2524C5FC007C2291 /* PopUpView.swift */; };
		9297AEFF2524C608007C2291 /* PopUpView.xib in Resources */ = {isa = PBXBuildFile; fileRef = 9297AEFE2524C608007C2291 /* PopUpView.xib */; };
		9297AF022524EE12007C2291 /* UINib.swift in Sources */ = {isa = PBXBuildFile; fileRef = 9297AF012524EE12007C2291 /* UINib.swift */; };
		92CAF0D0252CF47F0080F46E /* cameras_list.json in Resources */ = {isa = PBXBuildFile; fileRef = 92CAF0CF252CF47E0080F46E /* cameras_list.json */; };
		92CAF0D3252CF5BC0080F46E /* CameraModel.swift in Sources */ = {isa = PBXBuildFile; fileRef = 92CAF0D2252CF5BC0080F46E /* CameraModel.swift */; };
		92CAF0D6252CF9B90080F46E /* ServiceLocalFile.swift in Sources */ = {isa = PBXBuildFile; fileRef = 92CAF0D5252CF9B90080F46E /* ServiceLocalFile.swift */; };
		92CAF0D9252CFEE10080F46E /* CameraEntity.swift in Sources */ = {isa = PBXBuildFile; fileRef = 92CAF0D8252CFEE10080F46E /* CameraEntity.swift */; };
		92CAF0E6252F7C1B0080F46E /* 02869.mp3 in Resources */ = {isa = PBXBuildFile; fileRef = 92CAF0E5252F7C190080F46E /* 02869.mp3 */; };
		92CEE3FB2532FEBC008543F0 /* BaseSettingCell.swift in Sources */ = {isa = PBXBuildFile; fileRef = 92CEE3F92532FEBC008543F0 /* BaseSettingCell.swift */; };
		92CEE3FC2532FEBC008543F0 /* BaseSettingCell.xib in Resources */ = {isa = PBXBuildFile; fileRef = 92CEE3FA2532FEBC008543F0 /* BaseSettingCell.xib */; };
		92CEE40125330D92008543F0 /* MessageSettingViewController.swift in Sources */ = {isa = PBXBuildFile; fileRef = 92CEE3FF25330D92008543F0 /* MessageSettingViewController.swift */; };
		92CEE40225330D92008543F0 /* MessageSettingViewController.xib in Resources */ = {isa = PBXBuildFile; fileRef = 92CEE40025330D92008543F0 /* MessageSettingViewController.xib */; };
		92CEE406253310F9008543F0 /* MessageSettingPresenter.swift in Sources */ = {isa = PBXBuildFile; fileRef = 92CEE405253310F9008543F0 /* MessageSettingPresenter.swift */; };
		92CEE40C253323A0008543F0 /* SwitchSettingCell.swift in Sources */ = {isa = PBXBuildFile; fileRef = 92CEE40A253323A0008543F0 /* SwitchSettingCell.swift */; };
		92CEE40D253323A0008543F0 /* SwitchSettingCell.xib in Resources */ = {isa = PBXBuildFile; fileRef = 92CEE40B253323A0008543F0 /* SwitchSettingCell.xib */; };
		9AA51BF3251C0C34000AB6F1 /* Images.xcassets in Resources */ = {isa = PBXBuildFile; fileRef = 9AA51BF1251C0C33000AB6F1 /* Images.xcassets */; };
		9AA51BF4251C0C34000AB6F1 /* Colors.xcassets in Resources */ = {isa = PBXBuildFile; fileRef = 9AA51BF2251C0C33000AB6F1 /* Colors.xcassets */; };
		9AA51BFF251C0DCF000AB6F1 /* MenuPresenter.swift in Sources */ = {isa = PBXBuildFile; fileRef = 9AA51BF9251C0DCE000AB6F1 /* MenuPresenter.swift */; };
		9AA51C00251C0DCF000AB6F1 /* MenuCell.swift in Sources */ = {isa = PBXBuildFile; fileRef = 9AA51BFC251C0DCF000AB6F1 /* MenuCell.swift */; };
		9AA51C01251C0DCF000AB6F1 /* MenuCell.xib in Resources */ = {isa = PBXBuildFile; fileRef = 9AA51BFD251C0DCF000AB6F1 /* MenuCell.xib */; };
		9AA51C02251C0DCF000AB6F1 /* MenuViewController.swift in Sources */ = {isa = PBXBuildFile; fileRef = 9AA51BFE251C0DCF000AB6F1 /* MenuViewController.swift */; };
		9AA51C04251C0E20000AB6F1 /* MenuEntity.swift in Sources */ = {isa = PBXBuildFile; fileRef = 9AA51C03251C0E20000AB6F1 /* MenuEntity.swift */; };
		9AA51C06251C0F12000AB6F1 /* MenuViewController.xib in Resources */ = {isa = PBXBuildFile; fileRef = 9AA51C05251C0F12000AB6F1 /* MenuViewController.xib */; };
		9AA51C0D251C1208000AB6F1 /* MapViewController.xib in Resources */ = {isa = PBXBuildFile; fileRef = 9AA51C0C251C1208000AB6F1 /* MapViewController.xib */; };
		9AA51C0F251C122A000AB6F1 /* MapViewController.swift in Sources */ = {isa = PBXBuildFile; fileRef = 9AA51C0E251C122A000AB6F1 /* MapViewController.swift */; };
		9AA51C11251C1253000AB6F1 /* MapPresenter.swift in Sources */ = {isa = PBXBuildFile; fileRef = 9AA51C10251C1253000AB6F1 /* MapPresenter.swift */; };
/* End PBXBuildFile section */

/* Begin PBXFileReference section */
		4706367E251DFE90006F7F41 /* SignInPresenter.swift */ = {isa = PBXFileReference; fileEncoding = 4; lastKnownFileType = sourcecode.swift; path = SignInPresenter.swift; sourceTree = "<group>"; };
		47063680251DFE90006F7F41 /* SignInViewController.swift */ = {isa = PBXFileReference; fileEncoding = 4; lastKnownFileType = sourcecode.swift; path = SignInViewController.swift; sourceTree = "<group>"; };
		47063687251DFEB9006F7F41 /* SplashPresenter.swift */ = {isa = PBXFileReference; fileEncoding = 4; lastKnownFileType = sourcecode.swift; path = SplashPresenter.swift; sourceTree = "<group>"; };
		47063688251DFEB9006F7F41 /* AuthManager.swift */ = {isa = PBXFileReference; fileEncoding = 4; lastKnownFileType = sourcecode.swift; path = AuthManager.swift; sourceTree = "<group>"; };
		4706368A251DFEB9006F7F41 /* SplashViewController.swift */ = {isa = PBXFileReference; fileEncoding = 4; lastKnownFileType = sourcecode.swift; path = SplashViewController.swift; sourceTree = "<group>"; };
		4706368B251DFEB9006F7F41 /* SplashViewController.xib */ = {isa = PBXFileReference; fileEncoding = 4; lastKnownFileType = file.xib; path = SplashViewController.xib; sourceTree = "<group>"; };
		470636D3251E19C9006F7F41 /* Constants.swift */ = {isa = PBXFileReference; lastKnownFileType = sourcecode.swift; path = Constants.swift; sourceTree = "<group>"; };
		47B5325F2514CB5C006EAAB2 /* FineDriver.app */ = {isa = PBXFileReference; explicitFileType = wrapper.application; includeInIndex = 0; path = FineDriver.app; sourceTree = BUILT_PRODUCTS_DIR; };
		47B532622514CB5C006EAAB2 /* AppDelegate.swift */ = {isa = PBXFileReference; lastKnownFileType = sourcecode.swift; path = AppDelegate.swift; sourceTree = "<group>"; };
		47B5326E2514CB5E006EAAB2 /* Base */ = {isa = PBXFileReference; lastKnownFileType = file.storyboard; name = Base; path = Base.lproj/LaunchScreen.storyboard; sourceTree = "<group>"; };
		47B532702514CB5E006EAAB2 /* Info.plist */ = {isa = PBXFileReference; lastKnownFileType = text.plist.xml; path = Info.plist; sourceTree = "<group>"; };
		47B5328E2514DC82006EAAB2 /* AppCoordinator.swift */ = {isa = PBXFileReference; lastKnownFileType = sourcecode.swift; path = AppCoordinator.swift; sourceTree = "<group>"; };
		47B532922514DD84006EAAB2 /* FineDriver.entitlements */ = {isa = PBXFileReference; lastKnownFileType = text.plist.entitlements; path = FineDriver.entitlements; sourceTree = "<group>"; };
		49835E0D39478AF6F454BDBF /* Pods-FineDriver.debug.xcconfig */ = {isa = PBXFileReference; includeInIndex = 1; lastKnownFileType = text.xcconfig; name = "Pods-FineDriver.debug.xcconfig"; path = "Target Support Files/Pods-FineDriver/Pods-FineDriver.debug.xcconfig"; sourceTree = "<group>"; };
		92001DAC2525C0E700CAE036 /* GMSCoordinateBounds.swift */ = {isa = PBXFileReference; lastKnownFileType = sourcecode.swift; path = GMSCoordinateBounds.swift; sourceTree = "<group>"; };
		920E55F1253061BD0082CF6F /* SettingsViewController.swift */ = {isa = PBXFileReference; lastKnownFileType = sourcecode.swift; path = SettingsViewController.swift; sourceTree = "<group>"; };
		920E55F2253061BD0082CF6F /* SettingsViewController.xib */ = {isa = PBXFileReference; lastKnownFileType = file.xib; path = SettingsViewController.xib; sourceTree = "<group>"; };
		920E55F7253063720082CF6F /* SettingsPresenter.swift */ = {isa = PBXFileReference; lastKnownFileType = sourcecode.swift; path = SettingsPresenter.swift; sourceTree = "<group>"; };
		920E55FD2530999A0082CF6F /* SettingItemEntity.swift */ = {isa = PBXFileReference; lastKnownFileType = sourcecode.swift; path = SettingItemEntity.swift; sourceTree = "<group>"; };
		925E87832520ABF700FD1D75 /* Service.swift */ = {isa = PBXFileReference; lastKnownFileType = sourcecode.swift; path = Service.swift; sourceTree = "<group>"; };
		925E87862520AC7B00FD1D75 /* ServiceProvider.swift */ = {isa = PBXFileReference; lastKnownFileType = sourcecode.swift; path = ServiceProvider.swift; sourceTree = "<group>"; };
		9289B06025360F1B00D7AFB6 /* UINavigationController.swift */ = {isa = PBXFileReference; lastKnownFileType = sourcecode.swift; path = UINavigationController.swift; sourceTree = "<group>"; };
		928E9F642528D22A008A1D59 /* UserDefaults.swift */ = {isa = PBXFileReference; lastKnownFileType = sourcecode.swift; path = UserDefaults.swift; sourceTree = "<group>"; };
		928E9F672528D929008A1D59 /* UserDefaultsKeys.swift */ = {isa = PBXFileReference; lastKnownFileType = sourcecode.swift; path = UserDefaultsKeys.swift; sourceTree = "<group>"; };
		928E9F6D2528FE36008A1D59 /* SignInViewController.xib */ = {isa = PBXFileReference; lastKnownFileType = file.xib; path = SignInViewController.xib; sourceTree = "<group>"; };
		9294165B2521DD0000D7F966 /* FinesViewController.swift */ = {isa = PBXFileReference; lastKnownFileType = sourcecode.swift; path = FinesViewController.swift; sourceTree = "<group>"; };
		9294165C2521DD0000D7F966 /* FinesViewController.xib */ = {isa = PBXFileReference; lastKnownFileType = file.xib; path = FinesViewController.xib; sourceTree = "<group>"; };
		9294166E2521DD1600D7F966 /* FineCell.swift */ = {isa = PBXFileReference; lastKnownFileType = sourcecode.swift; path = FineCell.swift; sourceTree = "<group>"; };
		9294166F2521DD1600D7F966 /* FineCell.xib */ = {isa = PBXFileReference; lastKnownFileType = file.xib; path = FineCell.xib; sourceTree = "<group>"; };
		929416732521DD2A00D7F966 /* FinesPresenter.swift */ = {isa = PBXFileReference; lastKnownFileType = sourcecode.swift; path = FinesPresenter.swift; sourceTree = "<group>"; };
		929416772521E0A700D7F966 /* UIView.swift */ = {isa = PBXFileReference; lastKnownFileType = sourcecode.swift; path = UIView.swift; sourceTree = "<group>"; };
		929416982522034800D7F966 /* FineEntity.swift */ = {isa = PBXFileReference; lastKnownFileType = sourcecode.swift; path = FineEntity.swift; sourceTree = "<group>"; };
		9297AEFB2524C5FC007C2291 /* PopUpView.swift */ = {isa = PBXFileReference; lastKnownFileType = sourcecode.swift; path = PopUpView.swift; sourceTree = "<group>"; };
		9297AEFE2524C608007C2291 /* PopUpView.xib */ = {isa = PBXFileReference; lastKnownFileType = file.xib; path = PopUpView.xib; sourceTree = "<group>"; };
		9297AF012524EE12007C2291 /* UINib.swift */ = {isa = PBXFileReference; lastKnownFileType = sourcecode.swift; path = UINib.swift; sourceTree = "<group>"; };
		92CAF0CF252CF47E0080F46E /* cameras_list.json */ = {isa = PBXFileReference; fileEncoding = 4; lastKnownFileType = text.json; path = cameras_list.json; sourceTree = "<group>"; };
		92CAF0D2252CF5BC0080F46E /* CameraModel.swift */ = {isa = PBXFileReference; lastKnownFileType = sourcecode.swift; path = CameraModel.swift; sourceTree = "<group>"; };
		92CAF0D5252CF9B90080F46E /* ServiceLocalFile.swift */ = {isa = PBXFileReference; lastKnownFileType = sourcecode.swift; path = ServiceLocalFile.swift; sourceTree = "<group>"; };
		92CAF0D8252CFEE10080F46E /* CameraEntity.swift */ = {isa = PBXFileReference; lastKnownFileType = sourcecode.swift; path = CameraEntity.swift; sourceTree = "<group>"; };
		92CAF0E5252F7C190080F46E /* 02869.mp3 */ = {isa = PBXFileReference; lastKnownFileType = audio.mp3; path = 02869.mp3; sourceTree = "<group>"; };
		92CEE3F92532FEBC008543F0 /* BaseSettingCell.swift */ = {isa = PBXFileReference; lastKnownFileType = sourcecode.swift; path = BaseSettingCell.swift; sourceTree = "<group>"; };
		92CEE3FA2532FEBC008543F0 /* BaseSettingCell.xib */ = {isa = PBXFileReference; lastKnownFileType = file.xib; path = BaseSettingCell.xib; sourceTree = "<group>"; };
		92CEE3FF25330D92008543F0 /* MessageSettingViewController.swift */ = {isa = PBXFileReference; lastKnownFileType = sourcecode.swift; path = MessageSettingViewController.swift; sourceTree = "<group>"; };
		92CEE40025330D92008543F0 /* MessageSettingViewController.xib */ = {isa = PBXFileReference; lastKnownFileType = file.xib; path = MessageSettingViewController.xib; sourceTree = "<group>"; };
		92CEE405253310F9008543F0 /* MessageSettingPresenter.swift */ = {isa = PBXFileReference; lastKnownFileType = sourcecode.swift; path = MessageSettingPresenter.swift; sourceTree = "<group>"; };
		92CEE40A253323A0008543F0 /* SwitchSettingCell.swift */ = {isa = PBXFileReference; lastKnownFileType = sourcecode.swift; path = SwitchSettingCell.swift; sourceTree = "<group>"; };
		92CEE40B253323A0008543F0 /* SwitchSettingCell.xib */ = {isa = PBXFileReference; lastKnownFileType = file.xib; path = SwitchSettingCell.xib; sourceTree = "<group>"; };
		9AA51BF1251C0C33000AB6F1 /* Images.xcassets */ = {isa = PBXFileReference; lastKnownFileType = folder.assetcatalog; path = Images.xcassets; sourceTree = "<group>"; };
		9AA51BF2251C0C33000AB6F1 /* Colors.xcassets */ = {isa = PBXFileReference; lastKnownFileType = folder.assetcatalog; path = Colors.xcassets; sourceTree = "<group>"; };
		9AA51BF9251C0DCE000AB6F1 /* MenuPresenter.swift */ = {isa = PBXFileReference; fileEncoding = 4; lastKnownFileType = sourcecode.swift; path = MenuPresenter.swift; sourceTree = "<group>"; };
		9AA51BFC251C0DCF000AB6F1 /* MenuCell.swift */ = {isa = PBXFileReference; fileEncoding = 4; lastKnownFileType = sourcecode.swift; path = MenuCell.swift; sourceTree = "<group>"; };
		9AA51BFD251C0DCF000AB6F1 /* MenuCell.xib */ = {isa = PBXFileReference; fileEncoding = 4; lastKnownFileType = file.xib; path = MenuCell.xib; sourceTree = "<group>"; };
		9AA51BFE251C0DCF000AB6F1 /* MenuViewController.swift */ = {isa = PBXFileReference; fileEncoding = 4; lastKnownFileType = sourcecode.swift; path = MenuViewController.swift; sourceTree = "<group>"; };
		9AA51C03251C0E20000AB6F1 /* MenuEntity.swift */ = {isa = PBXFileReference; fileEncoding = 4; lastKnownFileType = sourcecode.swift; path = MenuEntity.swift; sourceTree = "<group>"; };
		9AA51C05251C0F12000AB6F1 /* MenuViewController.xib */ = {isa = PBXFileReference; fileEncoding = 4; lastKnownFileType = file.xib; path = MenuViewController.xib; sourceTree = "<group>"; };
		9AA51C0C251C1208000AB6F1 /* MapViewController.xib */ = {isa = PBXFileReference; lastKnownFileType = file.xib; path = MapViewController.xib; sourceTree = "<group>"; };
		9AA51C0E251C122A000AB6F1 /* MapViewController.swift */ = {isa = PBXFileReference; lastKnownFileType = sourcecode.swift; path = MapViewController.swift; sourceTree = "<group>"; };
		9AA51C10251C1253000AB6F1 /* MapPresenter.swift */ = {isa = PBXFileReference; lastKnownFileType = sourcecode.swift; path = MapPresenter.swift; sourceTree = "<group>"; };
		C2712C967E335A421276BA18 /* Pods-FineDriver.release.xcconfig */ = {isa = PBXFileReference; includeInIndex = 1; lastKnownFileType = text.xcconfig; name = "Pods-FineDriver.release.xcconfig"; path = "Target Support Files/Pods-FineDriver/Pods-FineDriver.release.xcconfig"; sourceTree = "<group>"; };
		D1DD5B6F486C2D0F5CF97B2A /* Pods_FineDriver.framework */ = {isa = PBXFileReference; explicitFileType = wrapper.framework; includeInIndex = 0; path = Pods_FineDriver.framework; sourceTree = BUILT_PRODUCTS_DIR; };
/* End PBXFileReference section */

/* Begin PBXFrameworksBuildPhase section */
		47B5325C2514CB5C006EAAB2 /* Frameworks */ = {
			isa = PBXFrameworksBuildPhase;
			buildActionMask = 2147483647;
			files = (
				9167D5E7C899946F444F6C27 /* Pods_FineDriver.framework in Frameworks */,
			);
			runOnlyForDeploymentPostprocessing = 0;
		};
/* End PBXFrameworksBuildPhase section */

/* Begin PBXGroup section */
		2AB63FE069B6DBDA80B4DB9D /* Pods */ = {
			isa = PBXGroup;
			children = (
				49835E0D39478AF6F454BDBF /* Pods-FineDriver.debug.xcconfig */,
				C2712C967E335A421276BA18 /* Pods-FineDriver.release.xcconfig */,
			);
			path = Pods;
			sourceTree = "<group>";
		};
		4706367C251DFE90006F7F41 /* SignIn */ = {
			isa = PBXGroup;
			children = (
				4706367E251DFE90006F7F41 /* SignInPresenter.swift */,
				47063680251DFE90006F7F41 /* SignInViewController.swift */,
				928E9F6D2528FE36008A1D59 /* SignInViewController.xib */,
			);
			path = SignIn;
			sourceTree = "<group>";
		};
		47063685251DFEB9006F7F41 /* Splash */ = {
			isa = PBXGroup;
			children = (
				47063688251DFEB9006F7F41 /* AuthManager.swift */,
				47063687251DFEB9006F7F41 /* SplashPresenter.swift */,
				4706368A251DFEB9006F7F41 /* SplashViewController.swift */,
				4706368B251DFEB9006F7F41 /* SplashViewController.xib */,
			);
			path = Splash;
			sourceTree = "<group>";
		};
		470C17A725246F9400B30DAA /* Cell */ = {
			isa = PBXGroup;
			children = (
				9AA51BFC251C0DCF000AB6F1 /* MenuCell.swift */,
				9AA51BFD251C0DCF000AB6F1 /* MenuCell.xib */,
			);
			path = Cell;
			sourceTree = "<group>";
		};
		470C17A8252470C100B30DAA /* Cell */ = {
			isa = PBXGroup;
			children = (
				9294166E2521DD1600D7F966 /* FineCell.swift */,
				9294166F2521DD1600D7F966 /* FineCell.xib */,
			);
			path = Cell;
			sourceTree = "<group>";
		};
		47B532562514CB5C006EAAB2 = {
			isa = PBXGroup;
			children = (
				47B532612514CB5C006EAAB2 /* FineDriver */,
				47B532602514CB5C006EAAB2 /* Products */,
				2AB63FE069B6DBDA80B4DB9D /* Pods */,
				AD9DF553CF5919408B920236 /* Frameworks */,
			);
			sourceTree = "<group>";
		};
		47B532602514CB5C006EAAB2 /* Products */ = {
			isa = PBXGroup;
			children = (
				47B5325F2514CB5C006EAAB2 /* FineDriver.app */,
			);
			name = Products;
			sourceTree = "<group>";
		};
		47B532612514CB5C006EAAB2 /* FineDriver */ = {
			isa = PBXGroup;
			children = (
				47B532922514DD84006EAAB2 /* FineDriver.entitlements */,
				47B532812514DB6A006EAAB2 /* AppDelegate */,
				47B5328B2514DC0E006EAAB2 /* Utils */,
				47B5328C2514DC18006EAAB2 /* Extensions */,
				47B5328A2514DBCB006EAAB2 /* Managers */,
				47B532892514DBC4006EAAB2 /* Models */,
				47B532842514DB8B006EAAB2 /* Modules */,
				92001DAF2525FA6600CAE036 /* Views */,
				47B5328D2514DC53006EAAB2 /* Navigation */,
				47B532872514DB95006EAAB2 /* Resources */,
				47B532882514DBB1006EAAB2 /* Storyboards */,
			);
			path = FineDriver;
			sourceTree = "<group>";
		};
		47B532812514DB6A006EAAB2 /* AppDelegate */ = {
			isa = PBXGroup;
			children = (
				47B532622514CB5C006EAAB2 /* AppDelegate.swift */,
			);
			path = AppDelegate;
			sourceTree = "<group>";
		};
		47B532842514DB8B006EAAB2 /* Modules */ = {
			isa = PBXGroup;
			children = (
				47063685251DFEB9006F7F41 /* Splash */,
				4706367C251DFE90006F7F41 /* SignIn */,
				9AA51C07251C1191000AB6F1 /* Map */,
				9AA51BF7251C0DCE000AB6F1 /* Menu */,
				9294165A2521DCEA00D7F966 /* Fines */,
				920E55F02530617F0082CF6F /* Settings */,
			);
			path = Modules;
			sourceTree = "<group>";
		};
		47B532872514DB95006EAAB2 /* Resources */ = {
			isa = PBXGroup;
			children = (
				92CAF0E5252F7C190080F46E /* 02869.mp3 */,
				92CAF0CF252CF47E0080F46E /* cameras_list.json */,
				9AA51BF2251C0C33000AB6F1 /* Colors.xcassets */,
				9AA51BF1251C0C33000AB6F1 /* Images.xcassets */,
				47B532702514CB5E006EAAB2 /* Info.plist */,
			);
			path = Resources;
			sourceTree = "<group>";
		};
		47B532882514DBB1006EAAB2 /* Storyboards */ = {
			isa = PBXGroup;
			children = (
				47B5326D2514CB5E006EAAB2 /* LaunchScreen.storyboard */,
			);
			path = Storyboards;
			sourceTree = "<group>";
		};
		47B532892514DBC4006EAAB2 /* Models */ = {
			isa = PBXGroup;
			children = (
				9AA51C03251C0E20000AB6F1 /* MenuEntity.swift */,
				929416982522034800D7F966 /* FineEntity.swift */,
				92CAF0D2252CF5BC0080F46E /* CameraModel.swift */,
				92CAF0D8252CFEE10080F46E /* CameraEntity.swift */,
				920E55FD2530999A0082CF6F /* SettingItemEntity.swift */,
			);
			path = Models;
			sourceTree = "<group>";
		};
		47B5328A2514DBCB006EAAB2 /* Managers */ = {
			isa = PBXGroup;
			children = (
				925E87832520ABF700FD1D75 /* Service.swift */,
				925E87862520AC7B00FD1D75 /* ServiceProvider.swift */,
				92CAF0D5252CF9B90080F46E /* ServiceLocalFile.swift */,
			);
			path = Managers;
			sourceTree = "<group>";
		};
		47B5328B2514DC0E006EAAB2 /* Utils */ = {
			isa = PBXGroup;
			children = (
				470636D3251E19C9006F7F41 /* Constants.swift */,
				928E9F672528D929008A1D59 /* UserDefaultsKeys.swift */,
			);
			path = Utils;
			sourceTree = "<group>";
		};
		47B5328C2514DC18006EAAB2 /* Extensions */ = {
			isa = PBXGroup;
			children = (
				929416772521E0A700D7F966 /* UIView.swift */,
				9297AF012524EE12007C2291 /* UINib.swift */,
				92001DAC2525C0E700CAE036 /* GMSCoordinateBounds.swift */,
				928E9F642528D22A008A1D59 /* UserDefaults.swift */,
				9289B06025360F1B00D7AFB6 /* UINavigationController.swift */,
			);
			path = Extensions;
			sourceTree = "<group>";
		};
		47B5328D2514DC53006EAAB2 /* Navigation */ = {
			isa = PBXGroup;
			children = (
				47B5328E2514DC82006EAAB2 /* AppCoordinator.swift */,
			);
			path = Navigation;
			sourceTree = "<group>";
		};
		92001DAF2525FA6600CAE036 /* Views */ = {
			isa = PBXGroup;
			children = (
				9297AEFB2524C5FC007C2291 /* PopUpView.swift */,
				9297AEFE2524C608007C2291 /* PopUpView.xib */,
			);
			path = Views;
			sourceTree = "<group>";
		};
		920E55F02530617F0082CF6F /* Settings */ = {
			isa = PBXGroup;
			children = (
				92CEE3F82532FC94008543F0 /* Cell */,
				920E55F7253063720082CF6F /* SettingsPresenter.swift */,
				920E55F1253061BD0082CF6F /* SettingsViewController.swift */,
				920E55F2253061BD0082CF6F /* SettingsViewController.xib */,
				92CEE3FE25330D54008543F0 /* MessageSetting */,
			);
			path = Settings;
			sourceTree = "<group>";
		};
		9294165A2521DCEA00D7F966 /* Fines */ = {
			isa = PBXGroup;
			children = (
				470C17A8252470C100B30DAA /* Cell */,
				929416732521DD2A00D7F966 /* FinesPresenter.swift */,
				9294165B2521DD0000D7F966 /* FinesViewController.swift */,
				9294165C2521DD0000D7F966 /* FinesViewController.xib */,
			);
			path = Fines;
			sourceTree = "<group>";
		};
		92CEE3F82532FC94008543F0 /* Cell */ = {
			isa = PBXGroup;
			children = (
				92CEE3F92532FEBC008543F0 /* BaseSettingCell.swift */,
				92CEE3FA2532FEBC008543F0 /* BaseSettingCell.xib */,
			);
			path = Cell;
			sourceTree = "<group>";
		};
		92CEE3FE25330D54008543F0 /* MessageSetting */ = {
			isa = PBXGroup;
			children = (
				92CEE40925332383008543F0 /* Cell */,
				92CEE405253310F9008543F0 /* MessageSettingPresenter.swift */,
				92CEE3FF25330D92008543F0 /* MessageSettingViewController.swift */,
				92CEE40025330D92008543F0 /* MessageSettingViewController.xib */,
			);
			path = MessageSetting;
			sourceTree = "<group>";
		};
		92CEE40925332383008543F0 /* Cell */ = {
			isa = PBXGroup;
			children = (
				92CEE40A253323A0008543F0 /* SwitchSettingCell.swift */,
				92CEE40B253323A0008543F0 /* SwitchSettingCell.xib */,
			);
			path = Cell;
			sourceTree = "<group>";
		};
		9AA51BF7251C0DCE000AB6F1 /* Menu */ = {
			isa = PBXGroup;
			children = (
				470C17A725246F9400B30DAA /* Cell */,
				9AA51BF9251C0DCE000AB6F1 /* MenuPresenter.swift */,
				9AA51BFE251C0DCF000AB6F1 /* MenuViewController.swift */,
				9AA51C05251C0F12000AB6F1 /* MenuViewController.xib */,
			);
			path = Menu;
			sourceTree = "<group>";
		};
		9AA51C07251C1191000AB6F1 /* Map */ = {
			isa = PBXGroup;
			children = (
				9AA51C10251C1253000AB6F1 /* MapPresenter.swift */,
				9AA51C0E251C122A000AB6F1 /* MapViewController.swift */,
				9AA51C0C251C1208000AB6F1 /* MapViewController.xib */,
			);
			path = Map;
			sourceTree = "<group>";
		};
		AD9DF553CF5919408B920236 /* Frameworks */ = {
			isa = PBXGroup;
			children = (
				D1DD5B6F486C2D0F5CF97B2A /* Pods_FineDriver.framework */,
			);
			name = Frameworks;
			sourceTree = "<group>";
		};
/* End PBXGroup section */

/* Begin PBXNativeTarget section */
		47B5325E2514CB5C006EAAB2 /* FineDriver */ = {
			isa = PBXNativeTarget;
			buildConfigurationList = 47B532732514CB5E006EAAB2 /* Build configuration list for PBXNativeTarget "FineDriver" */;
			buildPhases = (
				26E687E42CEB6C2752FFCA21 /* [CP] Check Pods Manifest.lock */,
				47B5325B2514CB5C006EAAB2 /* Sources */,
				47B5325C2514CB5C006EAAB2 /* Frameworks */,
				47B5325D2514CB5C006EAAB2 /* Resources */,
				C21F038E7229EC2469CFF4B6 /* [CP] Embed Pods Frameworks */,
				09C7AF482E161BA1BC841861 /* [CP] Copy Pods Resources */,
			);
			buildRules = (
			);
			dependencies = (
			);
			name = FineDriver;
			productName = FineDriver;
			productReference = 47B5325F2514CB5C006EAAB2 /* FineDriver.app */;
			productType = "com.apple.product-type.application";
		};
/* End PBXNativeTarget section */

/* Begin PBXProject section */
		47B532572514CB5C006EAAB2 /* Project object */ = {
			isa = PBXProject;
			attributes = {
				LastSwiftUpdateCheck = 1200;
				LastUpgradeCheck = 1200;
				ORGANIZATIONNAME = Infotekh;
				TargetAttributes = {
					47B5325E2514CB5C006EAAB2 = {
						CreatedOnToolsVersion = 12.0;
					};
				};
			};
			buildConfigurationList = 47B5325A2514CB5C006EAAB2 /* Build configuration list for PBXProject "FineDriver" */;
			compatibilityVersion = "Xcode 9.3";
			developmentRegion = en;
			hasScannedForEncodings = 0;
			knownRegions = (
				en,
				Base,
			);
			mainGroup = 47B532562514CB5C006EAAB2;
			productRefGroup = 47B532602514CB5C006EAAB2 /* Products */;
			projectDirPath = "";
			projectRoot = "";
			targets = (
				47B5325E2514CB5C006EAAB2 /* FineDriver */,
			);
		};
/* End PBXProject section */

/* Begin PBXResourcesBuildPhase section */
		47B5325D2514CB5C006EAAB2 /* Resources */ = {
			isa = PBXResourcesBuildPhase;
			buildActionMask = 2147483647;
			files = (
				47B5326F2514CB5E006EAAB2 /* LaunchScreen.storyboard in Resources */,
				9297AEFF2524C608007C2291 /* PopUpView.xib in Resources */,
				9AA51C06251C0F12000AB6F1 /* MenuViewController.xib in Resources */,
				92CEE40225330D92008543F0 /* MessageSettingViewController.xib in Resources */,
				9AA51BF3251C0C34000AB6F1 /* Images.xcassets in Resources */,
				92CAF0D0252CF47F0080F46E /* cameras_list.json in Resources */,
				920E55F4253061BD0082CF6F /* SettingsViewController.xib in Resources */,
				4706368F251DFEB9006F7F41 /* SplashViewController.xib in Resources */,
				9294165E2521DD0000D7F966 /* FinesViewController.xib in Resources */,
				9AA51C01251C0DCF000AB6F1 /* MenuCell.xib in Resources */,
				92CAF0E6252F7C1B0080F46E /* 02869.mp3 in Resources */,
				928E9F6F2528FE36008A1D59 /* SignInViewController.xib in Resources */,
				92CEE40D253323A0008543F0 /* SwitchSettingCell.xib in Resources */,
				9AA51C0D251C1208000AB6F1 /* MapViewController.xib in Resources */,
				9AA51BF4251C0C34000AB6F1 /* Colors.xcassets in Resources */,
				92CEE3FC2532FEBC008543F0 /* BaseSettingCell.xib in Resources */,
				929416712521DD1600D7F966 /* FineCell.xib in Resources */,
			);
			runOnlyForDeploymentPostprocessing = 0;
		};
/* End PBXResourcesBuildPhase section */

/* Begin PBXShellScriptBuildPhase section */
		09C7AF482E161BA1BC841861 /* [CP] Copy Pods Resources */ = {
			isa = PBXShellScriptBuildPhase;
			buildActionMask = 2147483647;
			files = (
			);
			inputFileListPaths = (
				"${PODS_ROOT}/Target Support Files/Pods-FineDriver/Pods-FineDriver-resources-${CONFIGURATION}-input-files.xcfilelist",
			);
			name = "[CP] Copy Pods Resources";
			outputFileListPaths = (
				"${PODS_ROOT}/Target Support Files/Pods-FineDriver/Pods-FineDriver-resources-${CONFIGURATION}-output-files.xcfilelist",
			);
			runOnlyForDeploymentPostprocessing = 0;
			shellPath = /bin/sh;
			shellScript = "\"${PODS_ROOT}/Target Support Files/Pods-FineDriver/Pods-FineDriver-resources.sh\"\n";
			showEnvVarsInLog = 0;
		};
		26E687E42CEB6C2752FFCA21 /* [CP] Check Pods Manifest.lock */ = {
			isa = PBXShellScriptBuildPhase;
			buildActionMask = 2147483647;
			files = (
			);
			inputFileListPaths = (
			);
			inputPaths = (
				"${PODS_PODFILE_DIR_PATH}/Podfile.lock",
				"${PODS_ROOT}/Manifest.lock",
			);
			name = "[CP] Check Pods Manifest.lock";
			outputFileListPaths = (
			);
			outputPaths = (
				"$(DERIVED_FILE_DIR)/Pods-FineDriver-checkManifestLockResult.txt",
			);
			runOnlyForDeploymentPostprocessing = 0;
			shellPath = /bin/sh;
			shellScript = "diff \"${PODS_PODFILE_DIR_PATH}/Podfile.lock\" \"${PODS_ROOT}/Manifest.lock\" > /dev/null\nif [ $? != 0 ] ; then\n    # print error to STDERR\n    echo \"error: The sandbox is not in sync with the Podfile.lock. Run 'pod install' or update your CocoaPods installation.\" >&2\n    exit 1\nfi\n# This output is used by Xcode 'outputs' to avoid re-running this script phase.\necho \"SUCCESS\" > \"${SCRIPT_OUTPUT_FILE_0}\"\n";
			showEnvVarsInLog = 0;
		};
		C21F038E7229EC2469CFF4B6 /* [CP] Embed Pods Frameworks */ = {
			isa = PBXShellScriptBuildPhase;
			buildActionMask = 2147483647;
			files = (
			);
			inputFileListPaths = (
				"${PODS_ROOT}/Target Support Files/Pods-FineDriver/Pods-FineDriver-frameworks-${CONFIGURATION}-input-files.xcfilelist",
			);
			name = "[CP] Embed Pods Frameworks";
			outputFileListPaths = (
				"${PODS_ROOT}/Target Support Files/Pods-FineDriver/Pods-FineDriver-frameworks-${CONFIGURATION}-output-files.xcfilelist",
			);
			runOnlyForDeploymentPostprocessing = 0;
			shellPath = /bin/sh;
			shellScript = "\"${PODS_ROOT}/Target Support Files/Pods-FineDriver/Pods-FineDriver-frameworks.sh\"\n";
			showEnvVarsInLog = 0;
		};
/* End PBXShellScriptBuildPhase section */

/* Begin PBXSourcesBuildPhase section */
		47B5325B2514CB5C006EAAB2 /* Sources */ = {
			isa = PBXSourcesBuildPhase;
			buildActionMask = 2147483647;
			files = (
				92CEE3FB2532FEBC008543F0 /* BaseSettingCell.swift in Sources */,
				470636D4251E19C9006F7F41 /* Constants.swift in Sources */,
				9289B06125360F1B00D7AFB6 /* UINavigationController.swift in Sources */,
				4706368D251DFEB9006F7F41 /* AuthManager.swift in Sources */,
				929416992522034800D7F966 /* FineEntity.swift in Sources */,
				9AA51C00251C0DCF000AB6F1 /* MenuCell.swift in Sources */,
				920E55F8253063720082CF6F /* SettingsPresenter.swift in Sources */,
				928E9F652528D22B008A1D59 /* UserDefaults.swift in Sources */,
				9297AEFC2524C5FC007C2291 /* PopUpView.swift in Sources */,
				92CAF0D3252CF5BC0080F46E /* CameraModel.swift in Sources */,
				9297AF022524EE12007C2291 /* UINib.swift in Sources */,
				92CEE40125330D92008543F0 /* MessageSettingViewController.swift in Sources */,
				920E55FE2530999A0082CF6F /* SettingItemEntity.swift in Sources */,
				92CEE40C253323A0008543F0 /* SwitchSettingCell.swift in Sources */,
				47B5328F2514DC82006EAAB2 /* AppCoordinator.swift in Sources */,
				929416742521DD2A00D7F966 /* FinesPresenter.swift in Sources */,
				9AA51C04251C0E20000AB6F1 /* MenuEntity.swift in Sources */,
				92CEE406253310F9008543F0 /* MessageSettingPresenter.swift in Sources */,
				9AA51C11251C1253000AB6F1 /* MapPresenter.swift in Sources */,
				9294165D2521DD0000D7F966 /* FinesViewController.swift in Sources */,
				9AA51C0F251C122A000AB6F1 /* MapViewController.swift in Sources */,
				47B532632514CB5C006EAAB2 /* AppDelegate.swift in Sources */,
				929416782521E0A700D7F966 /* UIView.swift in Sources */,
				47063681251DFE90006F7F41 /* SignInPresenter.swift in Sources */,
				4706368E251DFEB9006F7F41 /* SplashViewController.swift in Sources */,
				4706368C251DFEB9006F7F41 /* SplashPresenter.swift in Sources */,
				925E87842520ABF700FD1D75 /* Service.swift in Sources */,
				925E87872520AC7B00FD1D75 /* ServiceProvider.swift in Sources */,
				929416702521DD1600D7F966 /* FineCell.swift in Sources */,
				928E9F682528D929008A1D59 /* UserDefaultsKeys.swift in Sources */,
				920E55F3253061BD0082CF6F /* SettingsViewController.swift in Sources */,
				9AA51BFF251C0DCF000AB6F1 /* MenuPresenter.swift in Sources */,
				92001DAD2525C0E700CAE036 /* GMSCoordinateBounds.swift in Sources */,
				92CAF0D6252CF9B90080F46E /* ServiceLocalFile.swift in Sources */,
				92CAF0D9252CFEE10080F46E /* CameraEntity.swift in Sources */,
				47063682251DFE90006F7F41 /* SignInViewController.swift in Sources */,
				9AA51C02251C0DCF000AB6F1 /* MenuViewController.swift in Sources */,
			);
			runOnlyForDeploymentPostprocessing = 0;
		};
/* End PBXSourcesBuildPhase section */

/* Begin PBXVariantGroup section */
		47B5326D2514CB5E006EAAB2 /* LaunchScreen.storyboard */ = {
			isa = PBXVariantGroup;
			children = (
				47B5326E2514CB5E006EAAB2 /* Base */,
			);
			name = LaunchScreen.storyboard;
			sourceTree = "<group>";
		};
/* End PBXVariantGroup section */

/* Begin XCBuildConfiguration section */
		47B532712514CB5E006EAAB2 /* Debug */ = {
			isa = XCBuildConfiguration;
			buildSettings = {
				ALWAYS_SEARCH_USER_PATHS = NO;
				CLANG_ANALYZER_NONNULL = YES;
				CLANG_ANALYZER_NUMBER_OBJECT_CONVERSION = YES_AGGRESSIVE;
				CLANG_CXX_LANGUAGE_STANDARD = "gnu++14";
				CLANG_CXX_LIBRARY = "libc++";
				CLANG_ENABLE_MODULES = YES;
				CLANG_ENABLE_OBJC_ARC = YES;
				CLANG_ENABLE_OBJC_WEAK = YES;
				CLANG_WARN_BLOCK_CAPTURE_AUTORELEASING = YES;
				CLANG_WARN_BOOL_CONVERSION = YES;
				CLANG_WARN_COMMA = YES;
				CLANG_WARN_CONSTANT_CONVERSION = YES;
				CLANG_WARN_DEPRECATED_OBJC_IMPLEMENTATIONS = YES;
				CLANG_WARN_DIRECT_OBJC_ISA_USAGE = YES_ERROR;
				CLANG_WARN_DOCUMENTATION_COMMENTS = YES;
				CLANG_WARN_EMPTY_BODY = YES;
				CLANG_WARN_ENUM_CONVERSION = YES;
				CLANG_WARN_INFINITE_RECURSION = YES;
				CLANG_WARN_INT_CONVERSION = YES;
				CLANG_WARN_NON_LITERAL_NULL_CONVERSION = YES;
				CLANG_WARN_OBJC_IMPLICIT_RETAIN_SELF = YES;
				CLANG_WARN_OBJC_LITERAL_CONVERSION = YES;
				CLANG_WARN_OBJC_ROOT_CLASS = YES_ERROR;
				CLANG_WARN_QUOTED_INCLUDE_IN_FRAMEWORK_HEADER = YES;
				CLANG_WARN_RANGE_LOOP_ANALYSIS = YES;
				CLANG_WARN_STRICT_PROTOTYPES = YES;
				CLANG_WARN_SUSPICIOUS_MOVE = YES;
				CLANG_WARN_UNGUARDED_AVAILABILITY = YES_AGGRESSIVE;
				CLANG_WARN_UNREACHABLE_CODE = YES;
				CLANG_WARN__DUPLICATE_METHOD_MATCH = YES;
				COPY_PHASE_STRIP = NO;
				DEBUG_INFORMATION_FORMAT = dwarf;
				ENABLE_STRICT_OBJC_MSGSEND = YES;
				ENABLE_TESTABILITY = YES;
				GCC_C_LANGUAGE_STANDARD = gnu11;
				GCC_DYNAMIC_NO_PIC = NO;
				GCC_NO_COMMON_BLOCKS = YES;
				GCC_OPTIMIZATION_LEVEL = 0;
				GCC_PREPROCESSOR_DEFINITIONS = (
					"DEBUG=1",
					"$(inherited)",
				);
				GCC_WARN_64_TO_32_BIT_CONVERSION = YES;
				GCC_WARN_ABOUT_RETURN_TYPE = YES_ERROR;
				GCC_WARN_UNDECLARED_SELECTOR = YES;
				GCC_WARN_UNINITIALIZED_AUTOS = YES_AGGRESSIVE;
				GCC_WARN_UNUSED_FUNCTION = YES;
				GCC_WARN_UNUSED_VARIABLE = YES;
				IPHONEOS_DEPLOYMENT_TARGET = 12.0;
				MTL_ENABLE_DEBUG_INFO = INCLUDE_SOURCE;
				MTL_FAST_MATH = YES;
				ONLY_ACTIVE_ARCH = YES;
				SDKROOT = iphoneos;
				SWIFT_ACTIVE_COMPILATION_CONDITIONS = DEBUG;
				SWIFT_OPTIMIZATION_LEVEL = "-Onone";
			};
			name = Debug;
		};
		47B532722514CB5E006EAAB2 /* Release */ = {
			isa = XCBuildConfiguration;
			buildSettings = {
				ALWAYS_SEARCH_USER_PATHS = NO;
				CLANG_ANALYZER_NONNULL = YES;
				CLANG_ANALYZER_NUMBER_OBJECT_CONVERSION = YES_AGGRESSIVE;
				CLANG_CXX_LANGUAGE_STANDARD = "gnu++14";
				CLANG_CXX_LIBRARY = "libc++";
				CLANG_ENABLE_MODULES = YES;
				CLANG_ENABLE_OBJC_ARC = YES;
				CLANG_ENABLE_OBJC_WEAK = YES;
				CLANG_WARN_BLOCK_CAPTURE_AUTORELEASING = YES;
				CLANG_WARN_BOOL_CONVERSION = YES;
				CLANG_WARN_COMMA = YES;
				CLANG_WARN_CONSTANT_CONVERSION = YES;
				CLANG_WARN_DEPRECATED_OBJC_IMPLEMENTATIONS = YES;
				CLANG_WARN_DIRECT_OBJC_ISA_USAGE = YES_ERROR;
				CLANG_WARN_DOCUMENTATION_COMMENTS = YES;
				CLANG_WARN_EMPTY_BODY = YES;
				CLANG_WARN_ENUM_CONVERSION = YES;
				CLANG_WARN_INFINITE_RECURSION = YES;
				CLANG_WARN_INT_CONVERSION = YES;
				CLANG_WARN_NON_LITERAL_NULL_CONVERSION = YES;
				CLANG_WARN_OBJC_IMPLICIT_RETAIN_SELF = YES;
				CLANG_WARN_OBJC_LITERAL_CONVERSION = YES;
				CLANG_WARN_OBJC_ROOT_CLASS = YES_ERROR;
				CLANG_WARN_QUOTED_INCLUDE_IN_FRAMEWORK_HEADER = YES;
				CLANG_WARN_RANGE_LOOP_ANALYSIS = YES;
				CLANG_WARN_STRICT_PROTOTYPES = YES;
				CLANG_WARN_SUSPICIOUS_MOVE = YES;
				CLANG_WARN_UNGUARDED_AVAILABILITY = YES_AGGRESSIVE;
				CLANG_WARN_UNREACHABLE_CODE = YES;
				CLANG_WARN__DUPLICATE_METHOD_MATCH = YES;
				COPY_PHASE_STRIP = NO;
				DEBUG_INFORMATION_FORMAT = "dwarf-with-dsym";
				ENABLE_NS_ASSERTIONS = NO;
				ENABLE_STRICT_OBJC_MSGSEND = YES;
				GCC_C_LANGUAGE_STANDARD = gnu11;
				GCC_NO_COMMON_BLOCKS = YES;
				GCC_WARN_64_TO_32_BIT_CONVERSION = YES;
				GCC_WARN_ABOUT_RETURN_TYPE = YES_ERROR;
				GCC_WARN_UNDECLARED_SELECTOR = YES;
				GCC_WARN_UNINITIALIZED_AUTOS = YES_AGGRESSIVE;
				GCC_WARN_UNUSED_FUNCTION = YES;
				GCC_WARN_UNUSED_VARIABLE = YES;
				IPHONEOS_DEPLOYMENT_TARGET = 12.0;
				MTL_ENABLE_DEBUG_INFO = NO;
				MTL_FAST_MATH = YES;
				SDKROOT = iphoneos;
				SWIFT_COMPILATION_MODE = wholemodule;
				SWIFT_OPTIMIZATION_LEVEL = "-O";
				VALIDATE_PRODUCT = YES;
			};
			name = Release;
		};
		47B532742514CB5E006EAAB2 /* Debug */ = {
			isa = XCBuildConfiguration;
			baseConfigurationReference = 49835E0D39478AF6F454BDBF /* Pods-FineDriver.debug.xcconfig */;
			buildSettings = {
				ASSETCATALOG_COMPILER_APPICON_NAME = AppIcon;
				ASSETCATALOG_COMPILER_GLOBAL_ACCENT_COLOR_NAME = AccentColor;
				CODE_SIGN_ENTITLEMENTS = FineDriver/FineDriver.entitlements;
				CODE_SIGN_STYLE = Automatic;
				DEVELOPMENT_TEAM = HUHG2FJLKJ;
				INFOPLIST_FILE = FineDriver/Resources/Info.plist;
				IPHONEOS_DEPLOYMENT_TARGET = 11.0;
				LD_RUNPATH_SEARCH_PATHS = (
					"$(inherited)",
					"@executable_path/Frameworks",
				);
				PRODUCT_BUNDLE_IDENTIFIER = ua.infotekh.fineDriver;
				PRODUCT_NAME = "$(TARGET_NAME)";
				SWIFT_VERSION = 5.0;
				TARGETED_DEVICE_FAMILY = 1;
			};
			name = Debug;
		};
		47B532752514CB5E006EAAB2 /* Release */ = {
			isa = XCBuildConfiguration;
			baseConfigurationReference = C2712C967E335A421276BA18 /* Pods-FineDriver.release.xcconfig */;
			buildSettings = {
				ASSETCATALOG_COMPILER_APPICON_NAME = AppIcon;
				ASSETCATALOG_COMPILER_GLOBAL_ACCENT_COLOR_NAME = AccentColor;
				CODE_SIGN_ENTITLEMENTS = FineDriver/FineDriver.entitlements;
				CODE_SIGN_STYLE = Automatic;
				DEVELOPMENT_TEAM = HUHG2FJLKJ;
				INFOPLIST_FILE = FineDriver/Resources/Info.plist;
				IPHONEOS_DEPLOYMENT_TARGET = 11.0;
				LD_RUNPATH_SEARCH_PATHS = (
					"$(inherited)",
					"@executable_path/Frameworks",
				);
				PRODUCT_BUNDLE_IDENTIFIER = ua.infotekh.fineDriver;
				PRODUCT_NAME = "$(TARGET_NAME)";
				SWIFT_VERSION = 5.0;
				TARGETED_DEVICE_FAMILY = 1;
			};
			name = Release;
		};
/* End XCBuildConfiguration section */

/* Begin XCConfigurationList section */
		47B5325A2514CB5C006EAAB2 /* Build configuration list for PBXProject "FineDriver" */ = {
			isa = XCConfigurationList;
			buildConfigurations = (
				47B532712514CB5E006EAAB2 /* Debug */,
				47B532722514CB5E006EAAB2 /* Release */,
			);
			defaultConfigurationIsVisible = 0;
			defaultConfigurationName = Release;
		};
		47B532732514CB5E006EAAB2 /* Build configuration list for PBXNativeTarget "FineDriver" */ = {
			isa = XCConfigurationList;
			buildConfigurations = (
				47B532742514CB5E006EAAB2 /* Debug */,
				47B532752514CB5E006EAAB2 /* Release */,
			);
			defaultConfigurationIsVisible = 0;
			defaultConfigurationName = Release;
		};
/* End XCConfigurationList section */
	};
	rootObject = 47B532572514CB5C006EAAB2 /* Project object */;
}
